Microsoft Visual Studio Solution File, Format Version 12.00
# Visual Studio Version 17
VisualStudioVersion = 17.5.2.0
MinimumVisualStudioVersion = 10.0.40219.1
Project("{2150E333-8FDC-42A3-9474-1A3956D46DE8}") = "Platform", "Platform", "{E54149B9-7F22-367F-9CC5-FD829E3AA07B}"
EndProject
Project("{FAE04EC0-301F-11D3-BF4B-00C04F79EFBC}") = "GamingPlatform", "Platform\GamingPlatform.csproj", "{0B53F4A8-9534-CFD7-DC2A-56505263E967}"
EndProject
Global
	GlobalSection(SolutionConfigurationPlatforms) = preSolution
		Debug|Any CPU = Debug|Any CPU
		Release|Any CPU = Release|Any CPU
	EndGlobalSection
	GlobalSection(ProjectConfigurationPlatforms) = postSolution
		{0B53F4A8-9534-CFD7-DC2A-56505263E967}.Debug|Any CPU.ActiveCfg = Debug|Any CPU
		{0B53F4A8-9534-CFD7-DC2A-56505263E967}.Debug|Any CPU.Build.0 = Debug|Any CPU
		{0B53F4A8-9534-CFD7-DC2A-56505263E967}.Release|Any CPU.ActiveCfg = Release|Any CPU
		{0B53F4A8-9534-CFD7-DC2A-56505263E967}.Release|Any CPU.Build.0 = Release|Any CPU
	EndGlobalSection
	GlobalSection(SolutionProperties) = preSolution
		HideSolutionNode = FALSE
	EndGlobalSection
	GlobalSection(NestedProjects) = preSolution
		{0B53F4A8-9534-CFD7-DC2A-56505263E967} = {E54149B9-7F22-367F-9CC5-FD829E3AA07B}
	EndGlobalSection
	GlobalSection(ExtensibilityGlobals) = postSolution
		SolutionGuid = {A1CEE1FE-C3A2-4522-B878-3C0C1611C08C}
	EndGlobalSection
EndGlobal
